
Microsoft Visual Studio Solution File, Format Version 12.00
# Visual Studio Version 16
VisualStudioVersion = 16.0.29519.181
MinimumVisualStudioVersion = 10.0.40219.1
Project("{8BC9CEB8-8B4A-11D0-8D11-00A0C91BC942}") = "Visual Vitae", "Visual Vitae.vcxproj", "{841C9372-AD0A-4D99-B538-73D2D09065F9}"
EndProject
Global
	GlobalSection(SolutionConfigurationPlatforms) = preSolution
		Debug|x64 = Debug|x64
		Debug|x86 = Debug|x86
		Release|x64 = Release|x64
		Release|x86 = Release|x86
	EndGlobalSection
	GlobalSection(ProjectConfigurationPlatforms) = postSolution
		{841C9372-AD0A-4D99-B538-73D2D09065F9}.Debug|x64.ActiveCfg = Debug|x64
		{841C9372-AD0A-4D99-B538-73D2D09065F9}.Debug|x64.Build.0 = Debug|x64
		{841C9372-AD0A-4D99-B538-73D2D09065F9}.Debug|x86.ActiveCfg = Release|Win32
		{841C9372-AD0A-4D99-B538-73D2D09065F9}.Debug|x86.Build.0 = Release|Win32
		{841C9372-AD0A-4D99-B538-73D2D09065F9}.Release|x64.ActiveCfg = Release|x64
		{841C9372-AD0A-4D99-B538-73D2D09065F9}.Release|x64.Build.0 = Release|x64
		{841C9372-AD0A-4D99-B538-73D2D09065F9}.Release|x86.ActiveCfg = Release|Win32
		{841C9372-AD0A-4D99-B538-73D2D09065F9}.Release|x86.Build.0 = Release|Win32
	EndGlobalSection
	GlobalSection(SolutionProperties) = preSolution
		HideSolutionNode = FALSE
	EndGlobalSection
	GlobalSection(ExtensibilityGlobals) = postSolution
		SolutionGuid = {018C97A0-ECCF-471E-B241-52C4B72C141B}
	EndGlobalSection
EndGlobal
